
Microsoft Visual Studio Solution File, Format Version 12.00
# Visual Studio Version 16
VisualStudioVersion = 16.0.31205.134
MinimumVisualStudioVersion = 10.0.40219.1
Project("{8BC9CEB8-8B4A-11D0-8D11-00A0C91BC942}") = "Оптимальное бинарное дерево", "Оптимальное бинарное дерево\Оптимальное бинарное дерево.vcxproj", "{57FB8A97-4806-4026-9D8D-9E552303D66F}"
EndProject
Global
	GlobalSection(SolutionConfigurationPlatforms) = preSolution
		Debug|x64 = Debug|x64
		Debug|x86 = Debug|x86
		Release|x64 = Release|x64
		Release|x86 = Release|x86
	EndGlobalSection
	GlobalSection(ProjectConfigurationPlatforms) = postSolution
		{57FB8A97-4806-4026-9D8D-9E552303D66F}.Debug|x64.ActiveCfg = Debug|x64
		{57FB8A97-4806-4026-9D8D-9E552303D66F}.Debug|x64.Build.0 = Debug|x64
		{57FB8A97-4806-4026-9D8D-9E552303D66F}.Debug|x86.ActiveCfg = Debug|Win32
		{57FB8A97-4806-4026-9D8D-9E552303D66F}.Debug|x86.Build.0 = Debug|Win32
		{57FB8A97-4806-4026-9D8D-9E552303D66F}.Release|x64.ActiveCfg = Release|x64
		{57FB8A97-4806-4026-9D8D-9E552303D66F}.Release|x64.Build.0 = Release|x64
		{57FB8A97-4806-4026-9D8D-9E552303D66F}.Release|x86.ActiveCfg = Release|Win32
		{57FB8A97-4806-4026-9D8D-9E552303D66F}.Release|x86.Build.0 = Release|Win32
	EndGlobalSection
	GlobalSection(SolutionProperties) = preSolution
		HideSolutionNode = FALSE
	EndGlobalSection
	GlobalSection(ExtensibilityGlobals) = postSolution
		SolutionGuid = {5333C899-E195-404E-8BF7-AE21129F2ED3}
	EndGlobalSection
EndGlobal
